
Microsoft Visual Studio Solution File, Format Version 12.00
# Visual Studio Version 17
VisualStudioVersion = 17.14.36518.9 d17.14
MinimumVisualStudioVersion = 10.0.40219.1
Project("{FAE04EC0-301F-11D3-BF4B-00C04F79EFBC}") = "TodoListSimpleProject", "TodoListSimpleProject\TodoListSimpleProject.csproj", "{B2BB0D9D-552B-4D10-A804-E6E2B5C0D9B4}"
EndProject
Project("{2150E333-8FDC-42A3-9474-1A3956D46DE8}") = "_Items", "_Items", "{A449527D-1C56-424A-98EC-9E27460384AD}"
	ProjectSection(SolutionItems) = preProject
		.gitignore = .gitignore
		docker-compose.yaml = docker-compose.yaml
	EndProjectSection
EndProject
Project("{2150E333-8FDC-42A3-9474-1A3956D46DE8}") = "Solution Items", "Solution Items", "{02EA681E-C7D8-13C7-8484-4AC65E1B71E8}"
	ProjectSection(SolutionItems) = preProject
		.editorconfig = .editorconfig
	EndProjectSection
EndProject
Global
	GlobalSection(SolutionConfigurationPlatforms) = preSolution
		Debug|Any CPU = Debug|Any CPU
		Release|Any CPU = Release|Any CPU
	EndGlobalSection
	GlobalSection(ProjectConfigurationPlatforms) = postSolution
		{B2BB0D9D-552B-4D10-A804-E6E2B5C0D9B4}.Debug|Any CPU.ActiveCfg = Debug|Any CPU
		{B2BB0D9D-552B-4D10-A804-E6E2B5C0D9B4}.Debug|Any CPU.Build.0 = Debug|Any CPU
		{B2BB0D9D-552B-4D10-A804-E6E2B5C0D9B4}.Release|Any CPU.ActiveCfg = Release|Any CPU
		{B2BB0D9D-552B-4D10-A804-E6E2B5C0D9B4}.Release|Any CPU.Build.0 = Release|Any CPU
	EndGlobalSection
	GlobalSection(SolutionProperties) = preSolution
		HideSolutionNode = FALSE
	EndGlobalSection
EndGlobal
